Microsoft Visual Studio Solution File, Format Version 11.00
# Visual Studio 2008

Project("{4BEE5E9E-2F15-D7B3-593D-B788ED3B4BE2}") = "UDT_IMU", "Assembly-CSharp.csproj", "{AA363383-3923-F8E0-388E-08D3A51B60DD}"
EndProject
Global
	GlobalSection(SolutionConfigurationPlatforms) = preSolution
		Debug|Any CPU = Debug|Any CPU
		Release|Any CPU = Release|Any CPU
	EndGlobalSection
	GlobalSection(ProjectConfigurationPlatforms) = postSolution
		{AA363383-3923-F8E0-388E-08D3A51B60DD}.Debug|Any CPU.ActiveCfg = Debug|Any CPU
		{AA363383-3923-F8E0-388E-08D3A51B60DD}.Debug|Any CPU.Build.0 = Debug|Any CPU
		{AA363383-3923-F8E0-388E-08D3A51B60DD}.Release|Any CPU.ActiveCfg = Release|Any CPU
		{AA363383-3923-F8E0-388E-08D3A51B60DD}.Release|Any CPU.Build.0 = Release|Any CPU
	EndGlobalSection
	GlobalSection(SolutionProperties) = preSolution
		HideSolutionNode = FALSE
	EndGlobalSection
	GlobalSection(MonoDevelopProperties) = preSolution
		StartupItem = Assembly-CSharp.csproj
	EndGlobalSection
EndGlobal
