Microsoft Visual Studio Solution File, Format Version 11.00
# Visual Studio 2008

Project("{81AEE492-C10D-CCE9-A069-AAD3523AFCFB}") = "UDT_Experiment", "Assembly-CSharp.csproj", "{7D023285-52B0-FC45-1FE1-77173B0977CB}"
EndProject
Global
	GlobalSection(SolutionConfigurationPlatforms) = preSolution
		Debug|Any CPU = Debug|Any CPU
		Release|Any CPU = Release|Any CPU
	EndGlobalSection
	GlobalSection(ProjectConfigurationPlatforms) = postSolution
		{7D023285-52B0-FC45-1FE1-77173B0977CB}.Debug|Any CPU.ActiveCfg = Debug|Any CPU
		{7D023285-52B0-FC45-1FE1-77173B0977CB}.Debug|Any CPU.Build.0 = Debug|Any CPU
		{7D023285-52B0-FC45-1FE1-77173B0977CB}.Release|Any CPU.ActiveCfg = Release|Any CPU
		{7D023285-52B0-FC45-1FE1-77173B0977CB}.Release|Any CPU.Build.0 = Release|Any CPU
	EndGlobalSection
	GlobalSection(SolutionProperties) = preSolution
		HideSolutionNode = FALSE
	EndGlobalSection
	GlobalSection(MonoDevelopProperties) = preSolution
		StartupItem = Assembly-CSharp.csproj
	EndGlobalSection
EndGlobal
